
Microsoft Visual Studio Solution File, Format Version 12.00
# Visual Studio Version 16
VisualStudioVersion = 16.0.30204.135
MinimumVisualStudioVersion = 10.0.40219.1
Project("{FAE04EC0-301F-11D3-BF4B-00C04F79EFBC}") = "Calculator", "Calculator\Calculator.csproj", "{27AAB8F0-5F5F-4A63-A7ED-4DE04948680E}"
EndProject
Global
	GlobalSection(SolutionConfigurationPlatforms) = preSolution
		Debug|Any CPU = Debug|Any CPU
		Release|Any CPU = Release|Any CPU
	EndGlobalSection
	GlobalSection(ProjectConfigurationPlatforms) = postSolution
		{27AAB8F0-5F5F-4A63-A7ED-4DE04948680E}.Debug|Any CPU.ActiveCfg = Debug|Any CPU
		{27AAB8F0-5F5F-4A63-A7ED-4DE04948680E}.Debug|Any CPU.Build.0 = Debug|Any CPU
		{27AAB8F0-5F5F-4A63-A7ED-4DE04948680E}.Release|Any CPU.ActiveCfg = Release|Any CPU
		{27AAB8F0-5F5F-4A63-A7ED-4DE04948680E}.Release|Any CPU.Build.0 = Release|Any CPU
	EndGlobalSection
	GlobalSection(SolutionProperties) = preSolution
		HideSolutionNode = FALSE
	EndGlobalSection
	GlobalSection(ExtensibilityGlobals) = postSolution
		SolutionGuid = {CF95773C-5C8E-4A27-BAF4-7653B572EF4B}
	EndGlobalSection
EndGlobal
